<Solution>
  <Folder Name="/Citations and Annotations - End/">
    <Project Path="Citations and Annotations - End/MyFirstChatUI.csproj" />
  </Folder>
  <Folder Name="/Citations and Annotations - start/">
    <Project Path="Citations and Annotations - start/MyFirstChatUI.csproj" />
  </Folder>
</Solution>
