<Solution>
  <Folder Name="/Reading Web Resources for Context Augmented Generation - End/">
    <Project Path="Reading Web Resources for Context Augmented Generation - End/MyFirstChat.csproj" />
  </Folder>
  <Folder Name="/Reading Web Resources for Context Augmented Generation - Start/">
    <Project Path="Reading Web Resources for Context Augmented Generation - Start/MyFirstChat.csproj" />
  </Folder>
</Solution>
